// !$*UTF8*$!
{
	archiveVersion = 1;
	classes = {
	};
	objectVersion = 56;
	objects = {

/* Begin PBXBuildFile section */
		B857110029BF00E2003A498F /* AppDelegate.swift in Sources */ = {isa = PBXBuildFile; fileRef = B85710FF29BF00E2003A498F /* AppDelegate.swift */; };
		B857110229BF00E2003A498F /* SceneDelegate.swift in Sources */ = {isa = PBXBuildFile; fileRef = B857110129BF00E2003A498F /* SceneDelegate.swift */; };
		B857110429BF00E2003A498F /* RMTabViewController.swift in Sources */ = {isa = PBXBuildFile; fileRef = B857110329BF00E2003A498F /* RMTabViewController.swift */; };
		B857110929BF00E3003A498F /* Assets.xcassets in Resources */ = {isa = PBXBuildFile; fileRef = B857110829BF00E3003A498F /* Assets.xcassets */; };
		B857110C29BF00E3003A498F /* LaunchScreen.storyboard in Resources */ = {isa = PBXBuildFile; fileRef = B857110A29BF00E3003A498F /* LaunchScreen.storyboard */; };
		B857111B29BF039D003A498F /* RMLocation.swift in Sources */ = {isa = PBXBuildFile; fileRef = B857111A29BF039D003A498F /* RMLocation.swift */; };
		B857111D29BF03AB003A498F /* RMCharacter.swift in Sources */ = {isa = PBXBuildFile; fileRef = B857111C29BF03AB003A498F /* RMCharacter.swift */; };
		B857112029BF03D2003A498F /* RMEpisode.swift in Sources */ = {isa = PBXBuildFile; fileRef = B857111F29BF03D2003A498F /* RMEpisode.swift */; };
		B857112329BF055E003A498F /* RMCharacterViewController.swift in Sources */ = {isa = PBXBuildFile; fileRef = B857112229BF055E003A498F /* RMCharacterViewController.swift */; };
		B857112529BF056D003A498F /* RMLocationViewController.swift in Sources */ = {isa = PBXBuildFile; fileRef = B857112429BF056D003A498F /* RMLocationViewController.swift */; };
		B857112729BF057C003A498F /* RMEpisodeViewController.swift in Sources */ = {isa = PBXBuildFile; fileRef = B857112629BF057C003A498F /* RMEpisodeViewController.swift */; };
		B857112929BF0592003A498F /* RMSettingsViewController.swift in Sources */ = {isa = PBXBuildFile; fileRef = B857112829BF0592003A498F /* RMSettingsViewController.swift */; };
/* End PBXBuildFile section */

/* Begin PBXFileReference section */
		B85710FC29BF00E2003A498F /* RickAndMorty.app */ = {isa = PBXFileReference; explicitFileType = wrapper.application; includeInIndex = 0; path = RickAndMorty.app; sourceTree = BUILT_PRODUCTS_DIR; };
		B85710FF29BF00E2003A498F /* AppDelegate.swift */ = {isa = PBXFileReference; lastKnownFileType = sourcecode.swift; path = AppDelegate.swift; sourceTree = "<group>"; };
		B857110129BF00E2003A498F /* SceneDelegate.swift */ = {isa = PBXFileReference; lastKnownFileType = sourcecode.swift; path = SceneDelegate.swift; sourceTree = "<group>"; };
		B857110329BF00E2003A498F /* RMTabViewController.swift */ = {isa = PBXFileReference; lastKnownFileType = sourcecode.swift; path = RMTabViewController.swift; sourceTree = "<group>"; };
		B857110829BF00E3003A498F /* Assets.xcassets */ = {isa = PBXFileReference; lastKnownFileType = folder.assetcatalog; path = Assets.xcassets; sourceTree = "<group>"; };
		B857110B29BF00E3003A498F /* Base */ = {isa = PBXFileReference; lastKnownFileType = file.storyboard; name = Base; path = Base.lproj/LaunchScreen.storyboard; sourceTree = "<group>"; };
		B857110D29BF00E3003A498F /* Info.plist */ = {isa = PBXFileReference; lastKnownFileType = text.plist.xml; path = Info.plist; sourceTree = "<group>"; };
		B857111A29BF039D003A498F /* RMLocation.swift */ = {isa = PBXFileReference; lastKnownFileType = sourcecode.swift; path = RMLocation.swift; sourceTree = "<group>"; };
		B857111C29BF03AB003A498F /* RMCharacter.swift */ = {isa = PBXFileReference; lastKnownFileType = sourcecode.swift; path = RMCharacter.swift; sourceTree = "<group>"; };
		B857111F29BF03D2003A498F /* RMEpisode.swift */ = {isa = PBXFileReference; lastKnownFileType = sourcecode.swift; path = RMEpisode.swift; sourceTree = "<group>"; };
		B857112229BF055E003A498F /* RMCharacterViewController.swift */ = {isa = PBXFileReference; lastKnownFileType = sourcecode.swift; path = RMCharacterViewController.swift; sourceTree = "<group>"; };
		B857112429BF056D003A498F /* RMLocationViewController.swift */ = {isa = PBXFileReference; lastKnownFileType = sourcecode.swift; path = RMLocationViewController.swift; sourceTree = "<group>"; };
		B857112629BF057C003A498F /* RMEpisodeViewController.swift */ = {isa = PBXFileReference; lastKnownFileType = sourcecode.swift; path = RMEpisodeViewController.swift; sourceTree = "<group>"; };
		B857112829BF0592003A498F /* RMSettingsViewController.swift */ = {isa = PBXFileReference; lastKnownFileType = sourcecode.swift; path = RMSettingsViewController.swift; sourceTree = "<group>"; };
/* End PBXFileReference section */

/* Begin PBXFrameworksBuildPhase section */
		B85710F929BF00E2003A498F /* Frameworks */ = {
			isa = PBXFrameworksBuildPhase;
			buildActionMask = 2147483647;
			files = (
			);
			runOnlyForDeploymentPostprocessing = 0;
		};
/* End PBXFrameworksBuildPhase section */

/* Begin PBXGroup section */
		B85710F329BF00E2003A498F = {
			isa = PBXGroup;
			children = (
				B85710FE29BF00E2003A498F /* RickAndMorty */,
				B85710FD29BF00E2003A498F /* Products */,
			);
			sourceTree = "<group>";
		};
		B85710FD29BF00E2003A498F /* Products */ = {
			isa = PBXGroup;
			children = (
				B85710FC29BF00E2003A498F /* RickAndMorty.app */,
			);
			name = Products;
			sourceTree = "<group>";
		};
		B85710FE29BF00E2003A498F /* RickAndMorty */ = {
			isa = PBXGroup;
			children = (
				B857111929BF02FD003A498F /* Resources */,
				B857111829BF02F6003A498F /* Managers */,
				B857111729BF02E0003A498F /* APIClient */,
				B857111629BF02D6003A498F /* ViewModels */,
				B857111529BF02D0003A498F /* Views */,
				B857111429BF02C5003A498F /* Models */,
				B857111329BF02B4003A498F /* Controllers */,
				B857110D29BF00E3003A498F /* Info.plist */,
			);
			path = RickAndMorty;
			sourceTree = "<group>";
		};
		B857111329BF02B4003A498F /* Controllers */ = {
			isa = PBXGroup;
			children = (
				B857112129BF0525003A498F /* Core */,
			);
			path = Controllers;
			sourceTree = "<group>";
		};
		B857111429BF02C5003A498F /* Models */ = {
			isa = PBXGroup;
			children = (
				B857111A29BF039D003A498F /* RMLocation.swift */,
				B857111C29BF03AB003A498F /* RMCharacter.swift */,
				B857111F29BF03D2003A498F /* RMEpisode.swift */,
			);
			path = Models;
			sourceTree = "<group>";
		};
		B857111529BF02D0003A498F /* Views */ = {
			isa = PBXGroup;
			children = (
			);
			path = Views;
			sourceTree = "<group>";
		};
		B857111629BF02D6003A498F /* ViewModels */ = {
			isa = PBXGroup;
			children = (
			);
			path = ViewModels;
			sourceTree = "<group>";
		};
		B857111729BF02E0003A498F /* APIClient */ = {
			isa = PBXGroup;
			children = (
			);
			path = APIClient;
			sourceTree = "<group>";
		};
		B857111829BF02F6003A498F /* Managers */ = {
			isa = PBXGroup;
			children = (
			);
			path = Managers;
			sourceTree = "<group>";
		};
		B857111929BF02FD003A498F /* Resources */ = {
			isa = PBXGroup;
			children = (
				B857110829BF00E3003A498F /* Assets.xcassets */,
				B857110A29BF00E3003A498F /* LaunchScreen.storyboard */,
				B85710FF29BF00E2003A498F /* AppDelegate.swift */,
				B857110129BF00E2003A498F /* SceneDelegate.swift */,
			);
			path = Resources;
			sourceTree = "<group>";
		};
		B857112129BF0525003A498F /* Core */ = {
			isa = PBXGroup;
			children = (
				B857110329BF00E2003A498F /* RMTabViewController.swift */,
				B857112229BF055E003A498F /* RMCharacterViewController.swift */,
				B857112429BF056D003A498F /* RMLocationViewController.swift */,
				B857112629BF057C003A498F /* RMEpisodeViewController.swift */,
				B857112829BF0592003A498F /* RMSettingsViewController.swift */,
			);
			path = Core;
			sourceTree = "<group>";
		};
/* End PBXGroup section */

/* Begin PBXNativeTarget section */
		B85710FB29BF00E2003A498F /* RickAndMorty */ = {
			isa = PBXNativeTarget;
			buildConfigurationList = B857111029BF00E3003A498F /* Build configuration list for PBXNativeTarget "RickAndMorty" */;
			buildPhases = (
				B85710F829BF00E2003A498F /* Sources */,
				B85710F929BF00E2003A498F /* Frameworks */,
				B85710FA29BF00E2003A498F /* Resources */,
			);
			buildRules = (
			);
			dependencies = (
			);
			name = RickAndMorty;
			productName = RickAndMorty;
			productReference = B85710FC29BF00E2003A498F /* RickAndMorty.app */;
			productType = "com.apple.product-type.application";
		};
/* End PBXNativeTarget section */

/* Begin PBXProject section */
		B85710F429BF00E2003A498F /* Project object */ = {
			isa = PBXProject;
			attributes = {
				BuildIndependentTargetsInParallel = 1;
				LastSwiftUpdateCheck = 1420;
				LastUpgradeCheck = 1420;
				TargetAttributes = {
					B85710FB29BF00E2003A498F = {
						CreatedOnToolsVersion = 14.2;
					};
				};
			};
			buildConfigurationList = B85710F729BF00E2003A498F /* Build configuration list for PBXProject "RickAndMorty" */;
			compatibilityVersion = "Xcode 14.0";
			developmentRegion = en;
			hasScannedForEncodings = 0;
			knownRegions = (
				en,
				Base,
			);
			mainGroup = B85710F329BF00E2003A498F;
			productRefGroup = B85710FD29BF00E2003A498F /* Products */;
			projectDirPath = "";
			projectRoot = "";
			targets = (
				B85710FB29BF00E2003A498F /* RickAndMorty */,
			);
		};
/* End PBXProject section */

/* Begin PBXResourcesBuildPhase section */
		B85710FA29BF00E2003A498F /* Resources */ = {
			isa = PBXResourcesBuildPhase;
			buildActionMask = 2147483647;
			files = (
				B857110C29BF00E3003A498F /* LaunchScreen.storyboard in Resources */,
				B857110929BF00E3003A498F /* Assets.xcassets in Resources */,
			);
			runOnlyForDeploymentPostprocessing = 0;
		};
/* End PBXResourcesBuildPhase section */

/* Begin PBXSourcesBuildPhase section */
		B85710F829BF00E2003A498F /* Sources */ = {
			isa = PBXSourcesBuildPhase;
			buildActionMask = 2147483647;
			files = (
				B857112529BF056D003A498F /* RMLocationViewController.swift in Sources */,
				B857112029BF03D2003A498F /* RMEpisode.swift in Sources */,
				B857110429BF00E2003A498F /* RMTabViewController.swift in Sources */,
				B857112729BF057C003A498F /* RMEpisodeViewController.swift in Sources */,
				B857110029BF00E2003A498F /* AppDelegate.swift in Sources */,
				B857110229BF00E2003A498F /* SceneDelegate.swift in Sources */,
				B857112929BF0592003A498F /* RMSettingsViewController.swift in Sources */,
				B857111B29BF039D003A498F /* RMLocation.swift in Sources */,
				B857111D29BF03AB003A498F /* RMCharacter.swift in Sources */,
				B857112329BF055E003A498F /* RMCharacterViewController.swift in Sources */,
			);
			runOnlyForDeploymentPostprocessing = 0;
		};
/* End PBXSourcesBuildPhase section */

/* Begin PBXVariantGroup section */
		B857110A29BF00E3003A498F /* LaunchScreen.storyboard */ = {
			isa = PBXVariantGroup;
			children = (
				B857110B29BF00E3003A498F /* Base */,
			);
			name = LaunchScreen.storyboard;
			sourceTree = "<group>";
		};
/* End PBXVariantGroup section */

/* Begin XCBuildConfiguration section */
		B857110E29BF00E3003A498F /* Debug */ = {
			isa = XCBuildConfiguration;
			buildSettings = {
				ALWAYS_SEARCH_USER_PATHS = NO;
				CLANG_ANALYZER_NONNULL = YES;
				CLANG_ANALYZER_NUMBER_OBJECT_CONVERSION = YES_AGGRESSIVE;
				CLANG_CXX_LANGUAGE_STANDARD = "gnu++20";
				CLANG_ENABLE_MODULES = YES;
				CLANG_ENABLE_OBJC_ARC = YES;
				CLANG_ENABLE_OBJC_WEAK = YES;
				CLANG_WARN_BLOCK_CAPTURE_AUTORELEASING = YES;
				CLANG_WARN_BOOL_CONVERSION = YES;
				CLANG_WARN_COMMA = YES;
				CLANG_WARN_CONSTANT_CONVERSION = YES;
				CLANG_WARN_DEPRECATED_OBJC_IMPLEMENTATIONS = YES;
				CLANG_WARN_DIRECT_OBJC_ISA_USAGE = YES_ERROR;
				CLANG_WARN_DOCUMENTATION_COMMENTS = YES;
				CLANG_WARN_EMPTY_BODY = YES;
				CLANG_WARN_ENUM_CONVERSION = YES;
				CLANG_WARN_INFINITE_RECURSION = YES;
				CLANG_WARN_INT_CONVERSION = YES;
				CLANG_WARN_NON_LITERAL_NULL_CONVERSION = YES;
				CLANG_WARN_OBJC_IMPLICIT_RETAIN_SELF = YES;
				CLANG_WARN_OBJC_LITERAL_CONVERSION = YES;
				CLANG_WARN_OBJC_ROOT_CLASS = YES_ERROR;
				CLANG_WARN_QUOTED_INCLUDE_IN_FRAMEWORK_HEADER = YES;
				CLANG_WARN_RANGE_LOOP_ANALYSIS = YES;
				CLANG_WARN_STRICT_PROTOTYPES = YES;
				CLANG_WARN_SUSPICIOUS_MOVE = YES;
				CLANG_WARN_UNGUARDED_AVAILABILITY = YES_AGGRESSIVE;
				CLANG_WARN_UNREACHABLE_CODE = YES;
				CLANG_WARN__DUPLICATE_METHOD_MATCH = YES;
				COPY_PHASE_STRIP = NO;
				DEBUG_INFORMATION_FORMAT = dwarf;
				ENABLE_STRICT_OBJC_MSGSEND = YES;
				ENABLE_TESTABILITY = YES;
				GCC_C_LANGUAGE_STANDARD = gnu11;
				GCC_DYNAMIC_NO_PIC = NO;
				GCC_NO_COMMON_BLOCKS = YES;
				GCC_OPTIMIZATION_LEVEL = 0;
				GCC_PREPROCESSOR_DEFINITIONS = (
					"DEBUG=1",
					"$(inherited)",
				);
				GCC_WARN_64_TO_32_BIT_CONVERSION = YES;
				GCC_WARN_ABOUT_RETURN_TYPE = YES_ERROR;
				GCC_WARN_UNDECLARED_SELECTOR = YES;
				GCC_WARN_UNINITIALIZED_AUTOS = YES_AGGRESSIVE;
				GCC_WARN_UNUSED_FUNCTION = YES;
				GCC_WARN_UNUSED_VARIABLE = YES;
				IPHONEOS_DEPLOYMENT_TARGET = 16.2;
				MTL_ENABLE_DEBUG_INFO = INCLUDE_SOURCE;
				MTL_FAST_MATH = YES;
				ONLY_ACTIVE_ARCH = YES;
				SDKROOT = iphoneos;
				SWIFT_ACTIVE_COMPILATION_CONDITIONS = DEBUG;
				SWIFT_OPTIMIZATION_LEVEL = "-Onone";
			};
			name = Debug;
		};
		B857110F29BF00E3003A498F /* Release */ = {
			isa = XCBuildConfiguration;
			buildSettings = {
				ALWAYS_SEARCH_USER_PATHS = NO;
				CLANG_ANALYZER_NONNULL = YES;
				CLANG_ANALYZER_NUMBER_OBJECT_CONVERSION = YES_AGGRESSIVE;
				CLANG_CXX_LANGUAGE_STANDARD = "gnu++20";
				CLANG_ENABLE_MODULES = YES;
				CLANG_ENABLE_OBJC_ARC = YES;
				CLANG_ENABLE_OBJC_WEAK = YES;
				CLANG_WARN_BLOCK_CAPTURE_AUTORELEASING = YES;
				CLANG_WARN_BOOL_CONVERSION = YES;
				CLANG_WARN_COMMA = YES;
				CLANG_WARN_CONSTANT_CONVERSION = YES;
				CLANG_WARN_DEPRECATED_OBJC_IMPLEMENTATIONS = YES;
				CLANG_WARN_DIRECT_OBJC_ISA_USAGE = YES_ERROR;
				CLANG_WARN_DOCUMENTATION_COMMENTS = YES;
				CLANG_WARN_EMPTY_BODY = YES;
				CLANG_WARN_ENUM_CONVERSION = YES;
				CLANG_WARN_INFINITE_RECURSION = YES;
				CLANG_WARN_INT_CONVERSION = YES;
				CLANG_WARN_NON_LITERAL_NULL_CONVERSION = YES;
				CLANG_WARN_OBJC_IMPLICIT_RETAIN_SELF = YES;
				CLANG_WARN_OBJC_LITERAL_CONVERSION = YES;
				CLANG_WARN_OBJC_ROOT_CLASS = YES_ERROR;
				CLANG_WARN_QUOTED_INCLUDE_IN_FRAMEWORK_HEADER = YES;
				CLANG_WARN_RANGE_LOOP_ANALYSIS = YES;
				CLANG_WARN_STRICT_PROTOTYPES = YES;
				CLANG_WARN_SUSPICIOUS_MOVE = YES;
				CLANG_WARN_UNGUARDED_AVAILABILITY = YES_AGGRESSIVE;
				CLANG_WARN_UNREACHABLE_CODE = YES;
				CLANG_WARN__DUPLICATE_METHOD_MATCH = YES;
				COPY_PHASE_STRIP = NO;
				DEBUG_INFORMATION_FORMAT = "dwarf-with-dsym";
				ENABLE_NS_ASSERTIONS = NO;
				ENABLE_STRICT_OBJC_MSGSEND = YES;
				GCC_C_LANGUAGE_STANDARD = gnu11;
				GCC_NO_COMMON_BLOCKS = YES;
				GCC_WARN_64_TO_32_BIT_CONVERSION = YES;
				GCC_WARN_ABOUT_RETURN_TYPE = YES_ERROR;
				GCC_WARN_UNDECLARED_SELECTOR = YES;
				GCC_WARN_UNINITIALIZED_AUTOS = YES_AGGRESSIVE;
				GCC_WARN_UNUSED_FUNCTION = YES;
				GCC_WARN_UNUSED_VARIABLE = YES;
				IPHONEOS_DEPLOYMENT_TARGET = 16.2;
				MTL_ENABLE_DEBUG_INFO = NO;
				MTL_FAST_MATH = YES;
				SDKROOT = iphoneos;
				SWIFT_COMPILATION_MODE = wholemodule;
				SWIFT_OPTIMIZATION_LEVEL = "-O";
				VALIDATE_PRODUCT = YES;
			};
			name = Release;
		};
		B857111129BF00E3003A498F /* Debug */ = {
			isa = XCBuildConfiguration;
			buildSettings = {
				ASSETCATALOG_COMPILER_APPICON_NAME = AppIcon;
				ASSETCATALOG_COMPILER_GLOBAL_ACCENT_COLOR_NAME = AccentColor;
				CODE_SIGN_STYLE = Automatic;
				CURRENT_PROJECT_VERSION = 1;
				GENERATE_INFOPLIST_FILE = YES;
				INFOPLIST_FILE = RickAndMorty/Info.plist;
				INFOPLIST_KEY_UIApplicationSupportsIndirectInputEvents = YES;
				INFOPLIST_KEY_UILaunchStoryboardName = LaunchScreen;
				INFOPLIST_KEY_UISupportedInterfaceOrientations_iPad = "UIInterfaceOrientationPortrait UIInterfaceOrientationPortraitUpsideDown UIInterfaceOrientationLandscapeLeft UIInterfaceOrientationLandscapeRight";
				INFOPLIST_KEY_UISupportedInterfaceOrientations_iPhone = "UIInterfaceOrientationPortrait UIInterfaceOrientationLandscapeLeft UIInterfaceOrientationLandscapeRight";
				LD_RUNPATH_SEARCH_PATHS = (
					"$(inherited)",
					"@executable_path/Frameworks",
				);
				MARKETING_VERSION = 1.0;
				PRODUCT_BUNDLE_IDENTIFIER = com.nazar.RickAndMorty;
				PRODUCT_NAME = "$(TARGET_NAME)";
				SWIFT_EMIT_LOC_STRINGS = YES;
				SWIFT_VERSION = 5.0;
				TARGETED_DEVICE_FAMILY = "1,2";
			};
			name = Debug;
		};
		B857111229BF00E3003A498F /* Release */ = {
			isa = XCBuildConfiguration;
			buildSettings = {
				ASSETCATALOG_COMPILER_APPICON_NAME = AppIcon;
				ASSETCATALOG_COMPILER_GLOBAL_ACCENT_COLOR_NAME = AccentColor;
				CODE_SIGN_STYLE = Automatic;
				CURRENT_PROJECT_VERSION = 1;
				GENERATE_INFOPLIST_FILE = YES;
				INFOPLIST_FILE = RickAndMorty/Info.plist;
				INFOPLIST_KEY_UIApplicationSupportsIndirectInputEvents = YES;
				INFOPLIST_KEY_UILaunchStoryboardName = LaunchScreen;
				INFOPLIST_KEY_UISupportedInterfaceOrientations_iPad = "UIInterfaceOrientationPortrait UIInterfaceOrientationPortraitUpsideDown UIInterfaceOrientationLandscapeLeft UIInterfaceOrientationLandscapeRight";
				INFOPLIST_KEY_UISupportedInterfaceOrientations_iPhone = "UIInterfaceOrientationPortrait UIInterfaceOrientationLandscapeLeft UIInterfaceOrientationLandscapeRight";
				LD_RUNPATH_SEARCH_PATHS = (
					"$(inherited)",
					"@executable_path/Frameworks",
				);
				MARKETING_VERSION = 1.0;
				PRODUCT_BUNDLE_IDENTIFIER = com.nazar.RickAndMorty;
				PRODUCT_NAME = "$(TARGET_NAME)";
				SWIFT_EMIT_LOC_STRINGS = YES;
				SWIFT_VERSION = 5.0;
				TARGETED_DEVICE_FAMILY = "1,2";
			};
			name = Release;
		};
/* End XCBuildConfiguration section */

/* Begin XCConfigurationList section */
		B85710F729BF00E2003A498F /* Build configuration list for PBXProject "RickAndMorty" */ = {
			isa = XCConfigurationList;
			buildConfigurations = (
				B857110E29BF00E3003A498F /* Debug */,
				B857110F29BF00E3003A498F /* Release */,
			);
			defaultConfigurationIsVisible = 0;
			defaultConfigurationName = Release;
		};
		B857111029BF00E3003A498F /* Build configuration list for PBXNativeTarget "RickAndMorty" */ = {
			isa = XCConfigurationList;
			buildConfigurations = (
				B857111129BF00E3003A498F /* Debug */,
				B857111229BF00E3003A498F /* Release */,
			);
			defaultConfigurationIsVisible = 0;
			defaultConfigurationName = Release;
		};
/* End XCConfigurationList section */
	};
	rootObject = B85710F429BF00E2003A498F /* Project object */;
}
